
Microsoft Visual Studio Solution File, Format Version 12.00
# Visual Studio 15
VisualStudioVersion = 15.0.27428.2011
MinimumVisualStudioVersion = 10.0.40219.1
Project("{FAE04EC0-301F-11D3-BF4B-00C04F79EFBC}") = "Macrosage.Face", "Macrosage.Face\Macrosage.Face.csproj", "{5A337323-FEC2-4B9C-A9BA-FB9FADA185FA}"
EndProject
Project("{FAE04EC0-301F-11D3-BF4B-00C04F79EFBC}") = "Macrosage.Face.Tests", "Macrosage.Face.Tests\Macrosage.Face.Tests.csproj", "{4F37FFA4-12CF-4BB6-9009-21E7C221B9AD}"
EndProject
Project("{FAE04EC0-301F-11D3-BF4B-00C04F79EFBC}") = "Macrosage.Face.Web", "Macrosage.Face.Web\Macrosage.Face.Web.csproj", "{080C37FF-7E10-46F5-B276-31DD709E97BC}"
EndProject
Project("{FAE04EC0-301F-11D3-BF4B-00C04F79EFBC}") = "Macrosage.BaiduAI", "Macrosage.BaiduAI\Macrosage.BaiduAI.csproj", "{6E629AFA-A4AB-4657-BBC0-0F80FF2F52C8}"
EndProject
Project("{FAE04EC0-301F-11D3-BF4B-00C04F79EFBC}") = "Macrosage.Model", "Macrosage.Model\Macrosage.Model.csproj", "{6B3C8E2E-411E-4CC7-92E5-118F0CE5914C}"
EndProject
Project("{FAE04EC0-301F-11D3-BF4B-00C04F79EFBC}") = "Macrosage.Weixin", "Macrosage.Weixin\Macrosage.Weixin.csproj", "{72E35748-867A-447A-B581-7F82ED6CF92E}"
EndProject
Global
	GlobalSection(SolutionConfigurationPlatforms) = preSolution
		Debug|Any CPU = Debug|Any CPU
		Release|Any CPU = Release|Any CPU
	EndGlobalSection
	GlobalSection(ProjectConfigurationPlatforms) = postSolution
		{5A337323-FEC2-4B9C-A9BA-FB9FADA185FA}.Debug|Any CPU.ActiveCfg = Debug|Any CPU
		{5A337323-FEC2-4B9C-A9BA-FB9FADA185FA}.Debug|Any CPU.Build.0 = Debug|Any CPU
		{5A337323-FEC2-4B9C-A9BA-FB9FADA185FA}.Release|Any CPU.ActiveCfg = Release|Any CPU
		{5A337323-FEC2-4B9C-A9BA-FB9FADA185FA}.Release|Any CPU.Build.0 = Release|Any CPU
		{4F37FFA4-12CF-4BB6-9009-21E7C221B9AD}.Debug|Any CPU.ActiveCfg = Debug|Any CPU
		{4F37FFA4-12CF-4BB6-9009-21E7C221B9AD}.Debug|Any CPU.Build.0 = Debug|Any CPU
		{4F37FFA4-12CF-4BB6-9009-21E7C221B9AD}.Release|Any CPU.ActiveCfg = Release|Any CPU
		{4F37FFA4-12CF-4BB6-9009-21E7C221B9AD}.Release|Any CPU.Build.0 = Release|Any CPU
		{080C37FF-7E10-46F5-B276-31DD709E97BC}.Debug|Any CPU.ActiveCfg = Debug|Any CPU
		{080C37FF-7E10-46F5-B276-31DD709E97BC}.Debug|Any CPU.Build.0 = Debug|Any CPU
		{080C37FF-7E10-46F5-B276-31DD709E97BC}.Release|Any CPU.ActiveCfg = Release|Any CPU
		{080C37FF-7E10-46F5-B276-31DD709E97BC}.Release|Any CPU.Build.0 = Release|Any CPU
		{6E629AFA-A4AB-4657-BBC0-0F80FF2F52C8}.Debug|Any CPU.ActiveCfg = Debug|Any CPU
		{6E629AFA-A4AB-4657-BBC0-0F80FF2F52C8}.Debug|Any CPU.Build.0 = Debug|Any CPU
		{6E629AFA-A4AB-4657-BBC0-0F80FF2F52C8}.Release|Any CPU.ActiveCfg = Release|Any CPU
		{6E629AFA-A4AB-4657-BBC0-0F80FF2F52C8}.Release|Any CPU.Build.0 = Release|Any CPU
		{6B3C8E2E-411E-4CC7-92E5-118F0CE5914C}.Debug|Any CPU.ActiveCfg = Debug|Any CPU
		{6B3C8E2E-411E-4CC7-92E5-118F0CE5914C}.Debug|Any CPU.Build.0 = Debug|Any CPU
		{6B3C8E2E-411E-4CC7-92E5-118F0CE5914C}.Release|Any CPU.ActiveCfg = Release|Any CPU
		{6B3C8E2E-411E-4CC7-92E5-118F0CE5914C}.Release|Any CPU.Build.0 = Release|Any CPU
		{72E35748-867A-447A-B581-7F82ED6CF92E}.Debug|Any CPU.ActiveCfg = Debug|Any CPU
		{72E35748-867A-447A-B581-7F82ED6CF92E}.Debug|Any CPU.Build.0 = Debug|Any CPU
		{72E35748-867A-447A-B581-7F82ED6CF92E}.Release|Any CPU.ActiveCfg = Release|Any CPU
		{72E35748-867A-447A-B581-7F82ED6CF92E}.Release|Any CPU.Build.0 = Release|Any CPU
	EndGlobalSection
	GlobalSection(SolutionProperties) = preSolution
		HideSolutionNode = FALSE
	EndGlobalSection
	GlobalSection(ExtensibilityGlobals) = postSolution
		SolutionGuid = {26A72A5E-86A2-451E-8186-0478063D85CC}
	EndGlobalSection
EndGlobal
